
Microsoft Visual Studio Solution File, Format Version 12.00
# Visual Studio 15
VisualStudioVersion = 15.0.28307.539
MinimumVisualStudioVersion = 10.0.40219.1
Project("{FAE04EC0-301F-11D3-BF4B-00C04F79EFBC}") = "HackRankInterview", "HackRankInterview\HackRankInterview.csproj", "{22FB8CAA-AE7B-4F2F-A7DB-EACAF77539EA}"
EndProject
Global
	GlobalSection(SolutionConfigurationPlatforms) = preSolution
		Debug|Any CPU = Debug|Any CPU
		Release|Any CPU = Release|Any CPU
	EndGlobalSection
	GlobalSection(ProjectConfigurationPlatforms) = postSolution
		{22FB8CAA-AE7B-4F2F-A7DB-EACAF77539EA}.Debug|Any CPU.ActiveCfg = Debug|Any CPU
		{22FB8CAA-AE7B-4F2F-A7DB-EACAF77539EA}.Debug|Any CPU.Build.0 = Debug|Any CPU
		{22FB8CAA-AE7B-4F2F-A7DB-EACAF77539EA}.Release|Any CPU.ActiveCfg = Release|Any CPU
		{22FB8CAA-AE7B-4F2F-A7DB-EACAF77539EA}.Release|Any CPU.Build.0 = Release|Any CPU
	EndGlobalSection
	GlobalSection(SolutionProperties) = preSolution
		HideSolutionNode = FALSE
	EndGlobalSection
	GlobalSection(ExtensibilityGlobals) = postSolution
		SolutionGuid = {AE664994-B2D9-43AF-8B4A-89CB9A7DD3EF}
	EndGlobalSection
EndGlobal
